<?xml version="1.0" encoding="utf-8"?>
<Project ToolsVersion="4.0" xmlns="http://schemas.microsoft.com/developer/msbuild/2003">
  <ItemGroup>
    <ClCompile Include="src\main.cpp" />
    <ClCompile Include="src\Vehicles\Car.cpp" />
    <ClCompile Include="src\Vehicles\Vehicle.cpp" />
    <ClCompile Include="src\RTTI\RTTI.cpp" />
  </ItemGroup>
  <ItemGroup>
    <ClInclude Include="src\Vehicles\Vehicle.h" />
    <ClInclude Include="src\Vehicles\Car.h" />
    <ClInclude Include="src\RTTI\RTTI.h" />
  </ItemGroup>
</Project>